
Microsoft Visual Studio Solution File, Format Version 12.00
# Visual Studio Version 16
VisualStudioVersion = 16.0.30907.101
MinimumVisualStudioVersion = 10.0.40219.1
Project("{9A19103F-16F7-4668-BE54-9A1E7A4F7556}") = "BlazorHomeTask", "BlazorHomeTask\BlazorHomeTask.csproj", "{06CE23D1-CBFE-4149-A0E4-D84BF8DFEC2C}"
EndProject
Global
	GlobalSection(SolutionConfigurationPlatforms) = preSolution
		Debug|Any CPU = Debug|Any CPU
		Release|Any CPU = Release|Any CPU
	EndGlobalSection
	GlobalSection(ProjectConfigurationPlatforms) = postSolution
		{06CE23D1-CBFE-4149-A0E4-D84BF8DFEC2C}.Debug|Any CPU.ActiveCfg = Debug|Any CPU
		{06CE23D1-CBFE-4149-A0E4-D84BF8DFEC2C}.Debug|Any CPU.Build.0 = Debug|Any CPU
		{06CE23D1-CBFE-4149-A0E4-D84BF8DFEC2C}.Release|Any CPU.ActiveCfg = Release|Any CPU
		{06CE23D1-CBFE-4149-A0E4-D84BF8DFEC2C}.Release|Any CPU.Build.0 = Release|Any CPU
	EndGlobalSection
	GlobalSection(SolutionProperties) = preSolution
		HideSolutionNode = FALSE
	EndGlobalSection
	GlobalSection(ExtensibilityGlobals) = postSolution
		SolutionGuid = {150ACF36-6092-41B5-919D-05016BB1FB7A}
	EndGlobalSection
EndGlobal
